
Microsoft Visual Studio Solution File, Format Version 12.00
# Visual Studio Version 17
VisualStudioVersion = 17.0.31919.166
MinimumVisualStudioVersion = 10.0.40219.1
Project("{FAE04EC0-301F-11D3-BF4B-00C04F79EFBC}") = "WebServer", "WebServer\WebServer.csproj", "{BBBB4892-2627-47B9-8298-E674E96F8549}"
EndProject
Global
	GlobalSection(SolutionConfigurationPlatforms) = preSolution
		Debug|Any CPU = Debug|Any CPU
		Release|Any CPU = Release|Any CPU
	EndGlobalSection
	GlobalSection(ProjectConfigurationPlatforms) = postSolution
		{BBBB4892-2627-47B9-8298-E674E96F8549}.Debug|Any CPU.ActiveCfg = Debug|Any CPU
		{BBBB4892-2627-47B9-8298-E674E96F8549}.Debug|Any CPU.Build.0 = Debug|Any CPU
		{BBBB4892-2627-47B9-8298-E674E96F8549}.Release|Any CPU.ActiveCfg = Release|Any CPU
		{BBBB4892-2627-47B9-8298-E674E96F8549}.Release|Any CPU.Build.0 = Release|Any CPU
	EndGlobalSection
	GlobalSection(SolutionProperties) = preSolution
		HideSolutionNode = FALSE
	EndGlobalSection
	GlobalSection(ExtensibilityGlobals) = postSolution
		SolutionGuid = {3175F4D0-CA8A-4EED-8B90-DE7FA93378B4}
	EndGlobalSection
EndGlobal
